
Microsoft Visual Studio Solution File, Format Version 11.00
# Visual Studio 2010
Project("{FAE04EC0-301F-11D3-BF4B-00C04F79EFBC}") = "Main", "Main.csproj", "{ff36f5f8-867f-31b8-0ad6-2ab73bcd1c16}"
EndProject
Project("{FAE04EC0-301F-11D3-BF4B-00C04F79EFBC}") = "InventoryTests", "InventoryTests.csproj", "{9ff26941-c0e6-dde3-55f5-7d3f5bc63c5f}"
EndProject
Global
	GlobalSection(SolutionConfigurationPlatforms) = preSolution
		Debug|Any CPU = Debug|Any CPU
		Release|Any CPU = Release|Any CPU
	EndGlobalSection
	GlobalSection(ProjectConfigurationPlatforms) = postSolution
		{ff36f5f8-867f-31b8-0ad6-2ab73bcd1c16}.Debug|Any CPU.ActiveCfg = Debug|Any CPU
		{ff36f5f8-867f-31b8-0ad6-2ab73bcd1c16}.Debug|Any CPU.Build.0 = Debug|Any CPU
		{ff36f5f8-867f-31b8-0ad6-2ab73bcd1c16}.Release|Any CPU.ActiveCfg = Release|Any CPU
		{ff36f5f8-867f-31b8-0ad6-2ab73bcd1c16}.Release|Any CPU.Build.0 = Release|Any CPU
		{9ff26941-c0e6-dde3-55f5-7d3f5bc63c5f}.Debug|Any CPU.ActiveCfg = Debug|Any CPU
		{9ff26941-c0e6-dde3-55f5-7d3f5bc63c5f}.Debug|Any CPU.Build.0 = Debug|Any CPU
		{9ff26941-c0e6-dde3-55f5-7d3f5bc63c5f}.Release|Any CPU.ActiveCfg = Release|Any CPU
		{9ff26941-c0e6-dde3-55f5-7d3f5bc63c5f}.Release|Any CPU.Build.0 = Release|Any CPU
	EndGlobalSection
	GlobalSection(SolutionProperties) = preSolution
		HideSolutionNode = FALSE
	EndGlobalSection
EndGlobal
