
Microsoft Visual Studio Solution File, Format Version 11.00
# Visual Studio 2010
Project("{FAE04EC0-301F-11D3-BF4B-00C04F79EFBC}") = "Main", "Main.csproj", "{ff36f5f8-867f-31b8-0ad6-2ab73bcd1c16}"
EndProject
Project("{FAE04EC0-301F-11D3-BF4B-00C04F79EFBC}") = "CharacterTests", "CharacterTests.csproj", "{a8f34c0e-516d-511d-b239-61a8bf3b4688}"
EndProject
Global
	GlobalSection(SolutionConfigurationPlatforms) = preSolution
		Debug|Any CPU = Debug|Any CPU
		Release|Any CPU = Release|Any CPU
	EndGlobalSection
	GlobalSection(ProjectConfigurationPlatforms) = postSolution
		{ff36f5f8-867f-31b8-0ad6-2ab73bcd1c16}.Debug|Any CPU.ActiveCfg = Debug|Any CPU
		{ff36f5f8-867f-31b8-0ad6-2ab73bcd1c16}.Debug|Any CPU.Build.0 = Debug|Any CPU
		{ff36f5f8-867f-31b8-0ad6-2ab73bcd1c16}.Release|Any CPU.ActiveCfg = Release|Any CPU
		{ff36f5f8-867f-31b8-0ad6-2ab73bcd1c16}.Release|Any CPU.Build.0 = Release|Any CPU
		{a8f34c0e-516d-511d-b239-61a8bf3b4688}.Debug|Any CPU.ActiveCfg = Debug|Any CPU
		{a8f34c0e-516d-511d-b239-61a8bf3b4688}.Debug|Any CPU.Build.0 = Debug|Any CPU
		{a8f34c0e-516d-511d-b239-61a8bf3b4688}.Release|Any CPU.ActiveCfg = Release|Any CPU
		{a8f34c0e-516d-511d-b239-61a8bf3b4688}.Release|Any CPU.Build.0 = Release|Any CPU
	EndGlobalSection
	GlobalSection(SolutionProperties) = preSolution
		HideSolutionNode = FALSE
	EndGlobalSection
EndGlobal
